
Microsoft Visual Studio Solution File, Format Version 12.00
# Visual Studio Version 16
VisualStudioVersion = 16.0.30204.135
MinimumVisualStudioVersion = 10.0.40219.1
Project("{FAE04EC0-301F-11D3-BF4B-00C04F79EFBC}") = "Xamarin.Form.Mqtt.Android", "Xamarin.Form.Mqtt\Xamarin.Form.Mqtt.Android\Xamarin.Form.Mqtt.Android.csproj", "{16992D19-1652-4D0F-BE3E-5DF5247C5E66}"
EndProject
Project("{FAE04EC0-301F-11D3-BF4B-00C04F79EFBC}") = "Xamarin.Form.Mqtt.iOS", "Xamarin.Form.Mqtt\Xamarin.Form.Mqtt.iOS\Xamarin.Form.Mqtt.iOS.csproj", "{649F5C3C-33E6-4BB3-BEB2-A4244D2D6234}"
EndProject
Project("{FAE04EC0-301F-11D3-BF4B-00C04F79EFBC}") = "Xamarin.Form.Mqtt", "Xamarin.Form.Mqtt\Xamarin.Form.Mqtt\Xamarin.Form.Mqtt.csproj", "{9A37E45E-554D-43FF-8C62-3C7097C4B0D0}"
EndProject
Global
	GlobalSection(SolutionConfigurationPlatforms) = preSolution
		Debug|Any CPU = Debug|Any CPU
		Debug|iPhone = Debug|iPhone
		Debug|iPhoneSimulator = Debug|iPhoneSimulator
		Release|Any CPU = Release|Any CPU
		Release|iPhone = Release|iPhone
		Release|iPhoneSimulator = Release|iPhoneSimulator
	EndGlobalSection
	GlobalSection(ProjectConfigurationPlatforms) = postSolution
		{16992D19-1652-4D0F-BE3E-5DF5247C5E66}.Debug|Any CPU.ActiveCfg = Debug|Any CPU
		{16992D19-1652-4D0F-BE3E-5DF5247C5E66}.Debug|Any CPU.Build.0 = Debug|Any CPU
		{16992D19-1652-4D0F-BE3E-5DF5247C5E66}.Debug|Any CPU.Deploy.0 = Debug|Any CPU
		{16992D19-1652-4D0F-BE3E-5DF5247C5E66}.Debug|iPhone.ActiveCfg = Debug|Any CPU
		{16992D19-1652-4D0F-BE3E-5DF5247C5E66}.Debug|iPhone.Build.0 = Debug|Any CPU
		{16992D19-1652-4D0F-BE3E-5DF5247C5E66}.Debug|iPhone.Deploy.0 = Debug|Any CPU
		{16992D19-1652-4D0F-BE3E-5DF5247C5E66}.Debug|iPhoneSimulator.ActiveCfg = Debug|Any CPU
		{16992D19-1652-4D0F-BE3E-5DF5247C5E66}.Debug|iPhoneSimulator.Build.0 = Debug|Any CPU
		{16992D19-1652-4D0F-BE3E-5DF5247C5E66}.Debug|iPhoneSimulator.Deploy.0 = Debug|Any CPU
		{16992D19-1652-4D0F-BE3E-5DF5247C5E66}.Release|Any CPU.ActiveCfg = Release|Any CPU
		{16992D19-1652-4D0F-BE3E-5DF5247C5E66}.Release|Any CPU.Build.0 = Release|Any CPU
		{16992D19-1652-4D0F-BE3E-5DF5247C5E66}.Release|Any CPU.Deploy.0 = Release|Any CPU
		{16992D19-1652-4D0F-BE3E-5DF5247C5E66}.Release|iPhone.ActiveCfg = Release|Any CPU
		{16992D19-1652-4D0F-BE3E-5DF5247C5E66}.Release|iPhone.Build.0 = Release|Any CPU
		{16992D19-1652-4D0F-BE3E-5DF5247C5E66}.Release|iPhone.Deploy.0 = Release|Any CPU
		{16992D19-1652-4D0F-BE3E-5DF5247C5E66}.Release|iPhoneSimulator.ActiveCfg = Release|Any CPU
		{16992D19-1652-4D0F-BE3E-5DF5247C5E66}.Release|iPhoneSimulator.Build.0 = Release|Any CPU
		{16992D19-1652-4D0F-BE3E-5DF5247C5E66}.Release|iPhoneSimulator.Deploy.0 = Release|Any CPU
		{649F5C3C-33E6-4BB3-BEB2-A4244D2D6234}.Debug|Any CPU.ActiveCfg = Debug|iPhone
		{649F5C3C-33E6-4BB3-BEB2-A4244D2D6234}.Debug|Any CPU.Build.0 = Debug|iPhone
		{649F5C3C-33E6-4BB3-BEB2-A4244D2D6234}.Debug|Any CPU.Deploy.0 = Debug|iPhone
		{649F5C3C-33E6-4BB3-BEB2-A4244D2D6234}.Debug|iPhone.ActiveCfg = Debug|iPhone
		{649F5C3C-33E6-4BB3-BEB2-A4244D2D6234}.Debug|iPhone.Build.0 = Debug|iPhone
		{649F5C3C-33E6-4BB3-BEB2-A4244D2D6234}.Debug|iPhone.Deploy.0 = Debug|iPhone
		{649F5C3C-33E6-4BB3-BEB2-A4244D2D6234}.Debug|iPhoneSimulator.ActiveCfg = Debug|iPhoneSimulator
		{649F5C3C-33E6-4BB3-BEB2-A4244D2D6234}.Debug|iPhoneSimulator.Build.0 = Debug|iPhoneSimulator
		{649F5C3C-33E6-4BB3-BEB2-A4244D2D6234}.Debug|iPhoneSimulator.Deploy.0 = Debug|iPhoneSimulator
		{649F5C3C-33E6-4BB3-BEB2-A4244D2D6234}.Release|Any CPU.ActiveCfg = Release|iPhone
		{649F5C3C-33E6-4BB3-BEB2-A4244D2D6234}.Release|Any CPU.Build.0 = Release|iPhone
		{649F5C3C-33E6-4BB3-BEB2-A4244D2D6234}.Release|Any CPU.Deploy.0 = Release|iPhone
		{649F5C3C-33E6-4BB3-BEB2-A4244D2D6234}.Release|iPhone.ActiveCfg = Release|iPhone
		{649F5C3C-33E6-4BB3-BEB2-A4244D2D6234}.Release|iPhone.Build.0 = Release|iPhone
		{649F5C3C-33E6-4BB3-BEB2-A4244D2D6234}.Release|iPhone.Deploy.0 = Release|iPhone
		{649F5C3C-33E6-4BB3-BEB2-A4244D2D6234}.Release|iPhoneSimulator.ActiveCfg = Release|iPhoneSimulator
		{649F5C3C-33E6-4BB3-BEB2-A4244D2D6234}.Release|iPhoneSimulator.Build.0 = Release|iPhoneSimulator
		{649F5C3C-33E6-4BB3-BEB2-A4244D2D6234}.Release|iPhoneSimulator.Deploy.0 = Release|iPhoneSimulator
		{9A37E45E-554D-43FF-8C62-3C7097C4B0D0}.Debug|Any CPU.ActiveCfg = Debug|Any CPU
		{9A37E45E-554D-43FF-8C62-3C7097C4B0D0}.Debug|Any CPU.Build.0 = Debug|Any CPU
		{9A37E45E-554D-43FF-8C62-3C7097C4B0D0}.Debug|Any CPU.Deploy.0 = Debug|Any CPU
		{9A37E45E-554D-43FF-8C62-3C7097C4B0D0}.Debug|iPhone.ActiveCfg = Debug|Any CPU
		{9A37E45E-554D-43FF-8C62-3C7097C4B0D0}.Debug|iPhone.Build.0 = Debug|Any CPU
		{9A37E45E-554D-43FF-8C62-3C7097C4B0D0}.Debug|iPhone.Deploy.0 = Debug|Any CPU
		{9A37E45E-554D-43FF-8C62-3C7097C4B0D0}.Debug|iPhoneSimulator.ActiveCfg = Debug|Any CPU
		{9A37E45E-554D-43FF-8C62-3C7097C4B0D0}.Debug|iPhoneSimulator.Build.0 = Debug|Any CPU
		{9A37E45E-554D-43FF-8C62-3C7097C4B0D0}.Debug|iPhoneSimulator.Deploy.0 = Debug|Any CPU
		{9A37E45E-554D-43FF-8C62-3C7097C4B0D0}.Release|Any CPU.ActiveCfg = Release|Any CPU
		{9A37E45E-554D-43FF-8C62-3C7097C4B0D0}.Release|Any CPU.Build.0 = Release|Any CPU
		{9A37E45E-554D-43FF-8C62-3C7097C4B0D0}.Release|Any CPU.Deploy.0 = Release|Any CPU
		{9A37E45E-554D-43FF-8C62-3C7097C4B0D0}.Release|iPhone.ActiveCfg = Release|Any CPU
		{9A37E45E-554D-43FF-8C62-3C7097C4B0D0}.Release|iPhone.Build.0 = Release|Any CPU
		{9A37E45E-554D-43FF-8C62-3C7097C4B0D0}.Release|iPhone.Deploy.0 = Release|Any CPU
		{9A37E45E-554D-43FF-8C62-3C7097C4B0D0}.Release|iPhoneSimulator.ActiveCfg = Release|Any CPU
		{9A37E45E-554D-43FF-8C62-3C7097C4B0D0}.Release|iPhoneSimulator.Build.0 = Release|Any CPU
		{9A37E45E-554D-43FF-8C62-3C7097C4B0D0}.Release|iPhoneSimulator.Deploy.0 = Release|Any CPU
	EndGlobalSection
	GlobalSection(SolutionProperties) = preSolution
		HideSolutionNode = FALSE
	EndGlobalSection
	GlobalSection(ExtensibilityGlobals) = postSolution
		SolutionGuid = {1CA1C84B-2C79-44F2-B185-EB821A5495B1}
	EndGlobalSection
EndGlobal
